
Microsoft Visual Studio Solution File, Format Version 12.00
# Visual Studio Version 17
VisualStudioVersion = 17.11.35222.181
MinimumVisualStudioVersion = 10.0.40219.1
Project("{FAE04EC0-301F-11D3-BF4B-00C04F79EFBC}") = "TestSSAB", "TestSSAB\TestSSAB.csproj", "{73283479-0200-4473-BACE-875A005E9760}"
EndProject
Global
	GlobalSection(SolutionConfigurationPlatforms) = preSolution
		Debug|Any CPU = Debug|Any CPU
		Release|Any CPU = Release|Any CPU
	EndGlobalSection
	GlobalSection(ProjectConfigurationPlatforms) = postSolution
		{73283479-0200-4473-BACE-875A005E9760}.Debug|Any CPU.ActiveCfg = Debug|Any CPU
		{73283479-0200-4473-BACE-875A005E9760}.Debug|Any CPU.Build.0 = Debug|Any CPU
		{73283479-0200-4473-BACE-875A005E9760}.Release|Any CPU.ActiveCfg = Release|Any CPU
		{73283479-0200-4473-BACE-875A005E9760}.Release|Any CPU.Build.0 = Release|Any CPU
	EndGlobalSection
	GlobalSection(SolutionProperties) = preSolution
		HideSolutionNode = FALSE
	EndGlobalSection
	GlobalSection(ExtensibilityGlobals) = postSolution
		SolutionGuid = {34115C30-D538-4103-954B-BC7913DA8A5B}
	EndGlobalSection
EndGlobal
